
Microsoft Visual Studio Solution File, Format Version 12.00
# Visual Studio Version 17
VisualStudioVersion = 17.3.32811.315
MinimumVisualStudioVersion = 10.0.40219.1
Project("{9A19103F-16F7-4668-BE54-9A1E7A4F7556}") = "BlueprintExplorer", "BlueprintExplorer\BlueprintExplorer.csproj", "{58D00E53-3261-4087-9A83-E6B636F8D093}"
EndProject
Project("{2150E333-8FDC-42A3-9474-1A3956D46DE8}") = "Solution Items", "Solution Items", "{0B594754-77CD-420A-9BE8-9E626166436E}"
	ProjectSection(SolutionItems) = preProject
		.editorconfig = .editorconfig
		README.md = README.md
	EndProjectSection
EndProject
Project("{9A19103F-16F7-4668-BE54-9A1E7A4F7556}") = "WikiGen", "WikiGen\WikiGen.csproj", "{97A92D0B-E30C-4BC1-9616-2C212C360775}"
EndProject
Project("{9A19103F-16F7-4668-BE54-9A1E7A4F7556}") = "FontTested", "FontTested\FontTested.csproj", "{FD0B9D21-A092-487E-8237-8BD1EC4DB1F4}"
EndProject
Project("{9A19103F-16F7-4668-BE54-9A1E7A4F7556}") = "BubbleAssets", "BubbleAssets\BubbleAssets.csproj", "{D2599B72-338A-4BFF-9DFB-2755036E3831}"
EndProject
Project("{9A19103F-16F7-4668-BE54-9A1E7A4F7556}") = "MagmaDataMiner", "..\MagmaDataMiner\MagmaDataMiner.csproj", "{24258A61-272B-4156-8725-B9D8CB4637F1}"
EndProject
Global
	GlobalSection(SolutionConfigurationPlatforms) = preSolution
		Debug|Any CPU = Debug|Any CPU
		Release|Any CPU = Release|Any CPU
	EndGlobalSection
	GlobalSection(ProjectConfigurationPlatforms) = postSolution
		{58D00E53-3261-4087-9A83-E6B636F8D093}.Debug|Any CPU.ActiveCfg = Debug|Any CPU
		{58D00E53-3261-4087-9A83-E6B636F8D093}.Debug|Any CPU.Build.0 = Debug|Any CPU
		{58D00E53-3261-4087-9A83-E6B636F8D093}.Release|Any CPU.ActiveCfg = Release|Any CPU
		{58D00E53-3261-4087-9A83-E6B636F8D093}.Release|Any CPU.Build.0 = Release|Any CPU
		{97A92D0B-E30C-4BC1-9616-2C212C360775}.Debug|Any CPU.ActiveCfg = Debug|Any CPU
		{97A92D0B-E30C-4BC1-9616-2C212C360775}.Debug|Any CPU.Build.0 = Debug|Any CPU
		{97A92D0B-E30C-4BC1-9616-2C212C360775}.Release|Any CPU.ActiveCfg = Release|Any CPU
		{97A92D0B-E30C-4BC1-9616-2C212C360775}.Release|Any CPU.Build.0 = Release|Any CPU
		{FD0B9D21-A092-487E-8237-8BD1EC4DB1F4}.Debug|Any CPU.ActiveCfg = Debug|Any CPU
		{FD0B9D21-A092-487E-8237-8BD1EC4DB1F4}.Debug|Any CPU.Build.0 = Debug|Any CPU
		{FD0B9D21-A092-487E-8237-8BD1EC4DB1F4}.Release|Any CPU.ActiveCfg = Release|Any CPU
		{FD0B9D21-A092-487E-8237-8BD1EC4DB1F4}.Release|Any CPU.Build.0 = Release|Any CPU
		{D2599B72-338A-4BFF-9DFB-2755036E3831}.Debug|Any CPU.ActiveCfg = Debug|Any CPU
		{D2599B72-338A-4BFF-9DFB-2755036E3831}.Debug|Any CPU.Build.0 = Debug|Any CPU
		{D2599B72-338A-4BFF-9DFB-2755036E3831}.Release|Any CPU.ActiveCfg = Release|Any CPU
		{D2599B72-338A-4BFF-9DFB-2755036E3831}.Release|Any CPU.Build.0 = Release|Any CPU
		{24258A61-272B-4156-8725-B9D8CB4637F1}.Debug|Any CPU.ActiveCfg = Debug|Any CPU
		{24258A61-272B-4156-8725-B9D8CB4637F1}.Debug|Any CPU.Build.0 = Debug|Any CPU
		{24258A61-272B-4156-8725-B9D8CB4637F1}.Release|Any CPU.ActiveCfg = Release|Any CPU
		{24258A61-272B-4156-8725-B9D8CB4637F1}.Release|Any CPU.Build.0 = Release|Any CPU
	EndGlobalSection
	GlobalSection(SolutionProperties) = preSolution
		HideSolutionNode = FALSE
	EndGlobalSection
	GlobalSection(ExtensibilityGlobals) = postSolution
		SolutionGuid = {C870402F-E736-4304-8246-97DF7E434BED}
	EndGlobalSection
EndGlobal
